// !$*UTF8*$!
{
	archiveVersion = 1;
	classes = {
	};
	objectVersion = 46;
	objects = {

/* Begin PBXBuildFile section */
		90175B171AF3184600AC513D /* UIButton+buttonPressed.m in Sources */ = {isa = PBXBuildFile; fileRef = 90175B161AF3184600AC513D /* UIButton+buttonPressed.m */; };
		902D0CD81A89B27D0049DB9C /* AppDelegate.m in Sources */ = {isa = PBXBuildFile; fileRef = 902D0CD71A89B27D0049DB9C /* AppDelegate.m */; };
		902D0CDA1A9715000049DB9C /* Keys.plist in Resources */ = {isa = PBXBuildFile; fileRef = 902D0CD91A9715000049DB9C /* Keys.plist */; };
		902D0CDE1A9815FA0049DB9C /* FacebookSDK.framework in Frameworks */ = {isa = PBXBuildFile; fileRef = 902D0CDD1A9815FA0049DB9C /* FacebookSDK.framework */; };
		902D0CE21A984C8A0049DB9C /* ParseFacebookUtils.framework in Frameworks */ = {isa = PBXBuildFile; fileRef = 902D0CE11A984C8A0049DB9C /* ParseFacebookUtils.framework */; };
		90B09C811A7733D7009602A2 /* main.m in Sources */ = {isa = PBXBuildFile; fileRef = 90B09C801A7733D7009602A2 /* main.m */; };
		90B09C871A7733D7009602A2 /* ViewController.m in Sources */ = {isa = PBXBuildFile; fileRef = 90B09C861A7733D7009602A2 /* ViewController.m */; };
		90B09C8A1A7733D7009602A2 /* Main.storyboard in Resources */ = {isa = PBXBuildFile; fileRef = 90B09C881A7733D7009602A2 /* Main.storyboard */; };
		90B09C8C1A7733D7009602A2 /* Images.xcassets in Resources */ = {isa = PBXBuildFile; fileRef = 90B09C8B1A7733D7009602A2 /* Images.xcassets */; };
		90B09C8F1A7733D7009602A2 /* LaunchScreen.xib in Resources */ = {isa = PBXBuildFile; fileRef = 90B09C8D1A7733D7009602A2 /* LaunchScreen.xib */; };
		90B09C9B1A7733D7009602A2 /* DonnerTests.m in Sources */ = {isa = PBXBuildFile; fileRef = 90B09C9A1A7733D7009602A2 /* DonnerTests.m */; };
		90B9D83C1A87F01200C24BCB /* TwitterKit.framework in Frameworks */ = {isa = PBXBuildFile; fileRef = 90B9D8391A87F01200C24BCB /* TwitterKit.framework */; };
		90B9D83D1A87F01200C24BCB /* TwitterKitResources.bundle in Resources */ = {isa = PBXBuildFile; fileRef = 90B9D83A1A87F01200C24BCB /* TwitterKitResources.bundle */; };
		90B9D83E1A87F01200C24BCB /* Fabric.framework in Frameworks */ = {isa = PBXBuildFile; fileRef = 90B9D83B1A87F01200C24BCB /* Fabric.framework */; };
		90B9D8471A88376A00C24BCB /* Bolts.framework in Frameworks */ = {isa = PBXBuildFile; fileRef = 90B9D8451A88376A00C24BCB /* Bolts.framework */; };
		90B9D8481A88376A00C24BCB /* Parse.framework in Frameworks */ = {isa = PBXBuildFile; fileRef = 90B9D8461A88376A00C24BCB /* Parse.framework */; };
		90B9D8561A88380A00C24BCB /* Accounts.framework in Frameworks */ = {isa = PBXBuildFile; fileRef = 90B9D8491A88380A00C24BCB /* Accounts.framework */; };
		90B9D8571A88380A00C24BCB /* AudioToolbox.framework in Frameworks */ = {isa = PBXBuildFile; fileRef = 90B9D84A1A88380A00C24BCB /* AudioToolbox.framework */; };
		90B9D8581A88380A00C24BCB /* CFNetwork.framework in Frameworks */ = {isa = PBXBuildFile; fileRef = 90B9D84B1A88380A00C24BCB /* CFNetwork.framework */; };
		90B9D8591A88380A00C24BCB /* CoreGraphics.framework in Frameworks */ = {isa = PBXBuildFile; fileRef = 90B9D84C1A88380A00C24BCB /* CoreGraphics.framework */; };
		90B9D85A1A88380A00C24BCB /* CoreLocation.framework in Frameworks */ = {isa = PBXBuildFile; fileRef = 90B9D84D1A88380A00C24BCB /* CoreLocation.framework */; };
		90B9D85B1A88380A00C24BCB /* libsqlite3.dylib in Frameworks */ = {isa = PBXBuildFile; fileRef = 90B9D84E1A88380A00C24BCB /* libsqlite3.dylib */; };
		90B9D85C1A88380A00C24BCB /* libz.1.dylib in Frameworks */ = {isa = PBXBuildFile; fileRef = 90B9D84F1A88380A00C24BCB /* libz.1.dylib */; };
		90B9D85D1A88380A00C24BCB /* MobileCoreServices.framework in Frameworks */ = {isa = PBXBuildFile; fileRef = 90B9D8501A88380A00C24BCB /* MobileCoreServices.framework */; };
		90B9D85E1A88380A00C24BCB /* QuartzCore.framework in Frameworks */ = {isa = PBXBuildFile; fileRef = 90B9D8511A88380A00C24BCB /* QuartzCore.framework */; };
		90B9D85F1A88380A00C24BCB /* Security.framework in Frameworks */ = {isa = PBXBuildFile; fileRef = 90B9D8521A88380A00C24BCB /* Security.framework */; };
		90B9D8601A88380A00C24BCB /* Social.framework in Frameworks */ = {isa = PBXBuildFile; fileRef = 90B9D8531A88380A00C24BCB /* Social.framework */; };
		90B9D8611A88380A00C24BCB /* StoreKit.framework in Frameworks */ = {isa = PBXBuildFile; fileRef = 90B9D8541A88380A00C24BCB /* StoreKit.framework */; };
		90B9D8621A88380A00C24BCB /* SystemConfiguration.framework in Frameworks */ = {isa = PBXBuildFile; fileRef = 90B9D8551A88380A00C24BCB /* SystemConfiguration.framework */; };
/* End PBXBuildFile section */

/* Begin PBXContainerItemProxy section */
		90B09C951A7733D7009602A2 /* PBXContainerItemProxy */ = {
			isa = PBXContainerItemProxy;
			containerPortal = 90B09C731A7733D7009602A2 /* Project object */;
			proxyType = 1;
			remoteGlobalIDString = 90B09C7A1A7733D7009602A2;
			remoteInfo = Donner;
		};
/* End PBXContainerItemProxy section */

/* Begin PBXFileReference section */
		90175B151AF3184600AC513D /* UIButton+buttonPressed.h */ = {isa = PBXFileReference; fileEncoding = 4; lastKnownFileType = sourcecode.c.h; path = "UIButton+buttonPressed.h"; sourceTree = "<group>"; };
		90175B161AF3184600AC513D /* UIButton+buttonPressed.m */ = {isa = PBXFileReference; fileEncoding = 4; lastKnownFileType = sourcecode.c.objc; path = "UIButton+buttonPressed.m"; sourceTree = "<group>"; };
		902D0CD71A89B27D0049DB9C /* AppDelegate.m */ = {isa = PBXFileReference; fileEncoding = 4; lastKnownFileType = sourcecode.c.objc; path = AppDelegate.m; sourceTree = "<group>"; };
		902D0CD91A9715000049DB9C /* Keys.plist */ = {isa = PBXFileReference; fileEncoding = 4; lastKnownFileType = text.plist.xml; path = Keys.plist; sourceTree = SOURCE_ROOT; };
		902D0CDD1A9815FA0049DB9C /* FacebookSDK.framework */ = {isa = PBXFileReference; lastKnownFileType = wrapper.framework; name = FacebookSDK.framework; path = ../../../FacebookSDK/FacebookSDK.framework; sourceTree = "<group>"; };
		902D0CE11A984C8A0049DB9C /* ParseFacebookUtils.framework */ = {isa = PBXFileReference; lastKnownFileType = wrapper.framework; path = ParseFacebookUtils.framework; sourceTree = "<group>"; };
		90B09C7B1A7733D7009602A2 /* Donner.app */ = {isa = PBXFileReference; explicitFileType = wrapper.application; includeInIndex = 0; path = Donner.app; sourceTree = BUILT_PRODUCTS_DIR; };
		90B09C7F1A7733D7009602A2 /* Info.plist */ = {isa = PBXFileReference; lastKnownFileType = text.plist.xml; path = Info.plist; sourceTree = "<group>"; };
		90B09C801A7733D7009602A2 /* main.m */ = {isa = PBXFileReference; lastKnownFileType = sourcecode.c.objc; path = main.m; sourceTree = "<group>"; };
		90B09C821A7733D7009602A2 /* AppDelegate.h */ = {isa = PBXFileReference; lastKnownFileType = sourcecode.c.h; path = AppDelegate.h; sourceTree = "<group>"; };
		90B09C851A7733D7009602A2 /* ViewController.h */ = {isa = PBXFileReference; lastKnownFileType = sourcecode.c.h; path = ViewController.h; sourceTree = "<group>"; };
		90B09C861A7733D7009602A2 /* ViewController.m */ = {isa = PBXFileReference; lastKnownFileType = sourcecode.c.objc; path = ViewController.m; sourceTree = "<group>"; };
		90B09C891A7733D7009602A2 /* Base */ = {isa = PBXFileReference; lastKnownFileType = file.storyboard; name = Base; path = Base.lproj/Main.storyboard; sourceTree = "<group>"; };
		90B09C8B1A7733D7009602A2 /* Images.xcassets */ = {isa = PBXFileReference; lastKnownFileType = folder.assetcatalog; path = Images.xcassets; sourceTree = "<group>"; };
		90B09C8E1A7733D7009602A2 /* Base */ = {isa = PBXFileReference; lastKnownFileType = file.xib; name = Base; path = Base.lproj/LaunchScreen.xib; sourceTree = "<group>"; };
		90B09C941A7733D7009602A2 /* DonnerTests.xctest */ = {isa = PBXFileReference; explicitFileType = wrapper.cfbundle; includeInIndex = 0; path = DonnerTests.xctest; sourceTree = BUILT_PRODUCTS_DIR; };
		90B09C991A7733D7009602A2 /* Info.plist */ = {isa = PBXFileReference; lastKnownFileType = text.plist.xml; path = Info.plist; sourceTree = "<group>"; };
		90B09C9A1A7733D7009602A2 /* DonnerTests.m */ = {isa = PBXFileReference; lastKnownFileType = sourcecode.c.objc; path = DonnerTests.m; sourceTree = "<group>"; };
		90B9D8391A87F01200C24BCB /* TwitterKit.framework */ = {isa = PBXFileReference; lastKnownFileType = wrapper.framework; path = TwitterKit.framework; sourceTree = "<group>"; };
		90B9D83A1A87F01200C24BCB /* TwitterKitResources.bundle */ = {isa = PBXFileReference; lastKnownFileType = "wrapper.plug-in"; name = TwitterKitResources.bundle; path = TwitterKit.framework/Versions/A/Resources/TwitterKitResources.bundle; sourceTree = "<group>"; };
		90B9D83B1A87F01200C24BCB /* Fabric.framework */ = {isa = PBXFileReference; lastKnownFileType = wrapper.framework; path = Fabric.framework; sourceTree = "<group>"; };
		90B9D8451A88376A00C24BCB /* Bolts.framework */ = {isa = PBXFileReference; lastKnownFileType = wrapper.framework; path = Bolts.framework; sourceTree = "<group>"; };
		90B9D8461A88376A00C24BCB /* Parse.framework */ = {isa = PBXFileReference; lastKnownFileType = wrapper.framework; path = Parse.framework; sourceTree = "<group>"; };
		90B9D8491A88380A00C24BCB /* Accounts.framework */ = {isa = PBXFileReference; lastKnownFileType = wrapper.framework; name = Accounts.framework; path = System/Library/Frameworks/Accounts.framework; sourceTree = SDKROOT; };
		90B9D84A1A88380A00C24BCB /* AudioToolbox.framework */ = {isa = PBXFileReference; lastKnownFileType = wrapper.framework; name = AudioToolbox.framework; path = System/Library/Frameworks/AudioToolbox.framework; sourceTree = SDKROOT; };
		90B9D84B1A88380A00C24BCB /* CFNetwork.framework */ = {isa = PBXFileReference; lastKnownFileType = wrapper.framework; name = CFNetwork.framework; path = System/Library/Frameworks/CFNetwork.framework; sourceTree = SDKROOT; };
		90B9D84C1A88380A00C24BCB /* CoreGraphics.framework */ = {isa = PBXFileReference; lastKnownFileType = wrapper.framework; name = CoreGraphics.framework; path = System/Library/Frameworks/CoreGraphics.framework; sourceTree = SDKROOT; };
		90B9D84D1A88380A00C24BCB /* CoreLocation.framework */ = {isa = PBXFileReference; lastKnownFileType = wrapper.framework; name = CoreLocation.framework; path = System/Library/Frameworks/CoreLocation.framework; sourceTree = SDKROOT; };
		90B9D84E1A88380A00C24BCB /* libsqlite3.dylib */ = {isa = PBXFileReference; lastKnownFileType = "compiled.mach-o.dylib"; name = libsqlite3.dylib; path = usr/lib/libsqlite3.dylib; sourceTree = SDKROOT; };
		90B9D84F1A88380A00C24BCB /* libz.1.dylib */ = {isa = PBXFileReference; lastKnownFileType = "compiled.mach-o.dylib"; name = libz.1.dylib; path = usr/lib/libz.1.dylib; sourceTree = SDKROOT; };
		90B9D8501A88380A00C24BCB /* MobileCoreServices.framework */ = {isa = PBXFileReference; lastKnownFileType = wrapper.framework; name = MobileCoreServices.framework; path = System/Library/Frameworks/MobileCoreServices.framework; sourceTree = SDKROOT; };
		90B9D8511A88380A00C24BCB /* QuartzCore.framework */ = {isa = PBXFileReference; lastKnownFileType = wrapper.framework; name = QuartzCore.framework; path = System/Library/Frameworks/QuartzCore.framework; sourceTree = SDKROOT; };
		90B9D8521A88380A00C24BCB /* Security.framework */ = {isa = PBXFileReference; lastKnownFileType = wrapper.framework; name = Security.framework; path = System/Library/Frameworks/Security.framework; sourceTree = SDKROOT; };
		90B9D8531A88380A00C24BCB /* Social.framework */ = {isa = PBXFileReference; lastKnownFileType = wrapper.framework; name = Social.framework; path = System/Library/Frameworks/Social.framework; sourceTree = SDKROOT; };
		90B9D8541A88380A00C24BCB /* StoreKit.framework */ = {isa = PBXFileReference; lastKnownFileType = wrapper.framework; name = StoreKit.framework; path = System/Library/Frameworks/StoreKit.framework; sourceTree = SDKROOT; };
		90B9D8551A88380A00C24BCB /* SystemConfiguration.framework */ = {isa = PBXFileReference; lastKnownFileType = wrapper.framework; name = SystemConfiguration.framework; path = System/Library/Frameworks/SystemConfiguration.framework; sourceTree = SDKROOT; };
/* End PBXFileReference section */

/* Begin PBXFrameworksBuildPhase section */
		90B09C781A7733D7009602A2 /* Frameworks */ = {
			isa = PBXFrameworksBuildPhase;
			buildActionMask = 2147483647;
			files = (
				90B9D8561A88380A00C24BCB /* Accounts.framework in Frameworks */,
				90B9D8571A88380A00C24BCB /* AudioToolbox.framework in Frameworks */,
				90B9D8581A88380A00C24BCB /* CFNetwork.framework in Frameworks */,
				90B9D8591A88380A00C24BCB /* CoreGraphics.framework in Frameworks */,
				90B9D85A1A88380A00C24BCB /* CoreLocation.framework in Frameworks */,
				902D0CE21A984C8A0049DB9C /* ParseFacebookUtils.framework in Frameworks */,
				902D0CDE1A9815FA0049DB9C /* FacebookSDK.framework in Frameworks */,
				90B9D85B1A88380A00C24BCB /* libsqlite3.dylib in Frameworks */,
				90B9D85C1A88380A00C24BCB /* libz.1.dylib in Frameworks */,
				90B9D85D1A88380A00C24BCB /* MobileCoreServices.framework in Frameworks */,
				90B9D85E1A88380A00C24BCB /* QuartzCore.framework in Frameworks */,
				90B9D85F1A88380A00C24BCB /* Security.framework in Frameworks */,
				90B9D8601A88380A00C24BCB /* Social.framework in Frameworks */,
				90B9D8611A88380A00C24BCB /* StoreKit.framework in Frameworks */,
				90B9D8621A88380A00C24BCB /* SystemConfiguration.framework in Frameworks */,
				90B9D8471A88376A00C24BCB /* Bolts.framework in Frameworks */,
				90B9D83C1A87F01200C24BCB /* TwitterKit.framework in Frameworks */,
				90B9D8481A88376A00C24BCB /* Parse.framework in Frameworks */,
				90B9D83E1A87F01200C24BCB /* Fabric.framework in Frameworks */,
			);
			runOnlyForDeploymentPostprocessing = 0;
		};
		90B09C911A7733D7009602A2 /* Frameworks */ = {
			isa = PBXFrameworksBuildPhase;
			buildActionMask = 2147483647;
			files = (
			);
			runOnlyForDeploymentPostprocessing = 0;
		};
/* End PBXFrameworksBuildPhase section */

/* Begin PBXGroup section */
		90B09C721A7733D7009602A2 = {
			isa = PBXGroup;
			children = (
				902D0CE11A984C8A0049DB9C /* ParseFacebookUtils.framework */,
				902D0CDD1A9815FA0049DB9C /* FacebookSDK.framework */,
				90B9D8491A88380A00C24BCB /* Accounts.framework */,
				90B9D84A1A88380A00C24BCB /* AudioToolbox.framework */,
				90B9D84B1A88380A00C24BCB /* CFNetwork.framework */,
				90B9D84C1A88380A00C24BCB /* CoreGraphics.framework */,
				90B9D84D1A88380A00C24BCB /* CoreLocation.framework */,
				90B9D84E1A88380A00C24BCB /* libsqlite3.dylib */,
				90B9D84F1A88380A00C24BCB /* libz.1.dylib */,
				90B9D8501A88380A00C24BCB /* MobileCoreServices.framework */,
				90B9D8511A88380A00C24BCB /* QuartzCore.framework */,
				90B9D8521A88380A00C24BCB /* Security.framework */,
				90B9D8531A88380A00C24BCB /* Social.framework */,
				90B9D8541A88380A00C24BCB /* StoreKit.framework */,
				90B9D8551A88380A00C24BCB /* SystemConfiguration.framework */,
				90B9D8451A88376A00C24BCB /* Bolts.framework */,
				90B9D8461A88376A00C24BCB /* Parse.framework */,
				90B9D8391A87F01200C24BCB /* TwitterKit.framework */,
				90B9D83A1A87F01200C24BCB /* TwitterKitResources.bundle */,
				90B9D83B1A87F01200C24BCB /* Fabric.framework */,
				90B09C7D1A7733D7009602A2 /* Donner */,
				90B09C971A7733D7009602A2 /* DonnerTests */,
				90B09C7C1A7733D7009602A2 /* Products */,
			);
			sourceTree = "<group>";
		};
		90B09C7C1A7733D7009602A2 /* Products */ = {
			isa = PBXGroup;
			children = (
				90B09C7B1A7733D7009602A2 /* Donner.app */,
				90B09C941A7733D7009602A2 /* DonnerTests.xctest */,
			);
			name = Products;
			sourceTree = "<group>";
		};
		90B09C7D1A7733D7009602A2 /* Donner */ = {
			isa = PBXGroup;
			children = (
				90175B151AF3184600AC513D /* UIButton+buttonPressed.h */,
				90175B161AF3184600AC513D /* UIButton+buttonPressed.m */,
				902D0CD71A89B27D0049DB9C /* AppDelegate.m */,
				90B09C821A7733D7009602A2 /* AppDelegate.h */,
				90B09C851A7733D7009602A2 /* ViewController.h */,
				90B09C861A7733D7009602A2 /* ViewController.m */,
				90B09C881A7733D7009602A2 /* Main.storyboard */,
				90B09C8B1A7733D7009602A2 /* Images.xcassets */,
				90B09C8D1A7733D7009602A2 /* LaunchScreen.xib */,
				90B09C7E1A7733D7009602A2 /* Supporting Files */,
			);
			path = Donner;
			sourceTree = "<group>";
		};
		90B09C7E1A7733D7009602A2 /* Supporting Files */ = {
			isa = PBXGroup;
			children = (
				902D0CD91A9715000049DB9C /* Keys.plist */,
				90B09C7F1A7733D7009602A2 /* Info.plist */,
				90B09C801A7733D7009602A2 /* main.m */,
			);
			name = "Supporting Files";
			sourceTree = "<group>";
		};
		90B09C971A7733D7009602A2 /* DonnerTests */ = {
			isa = PBXGroup;
			children = (
				90B09C9A1A7733D7009602A2 /* DonnerTests.m */,
				90B09C981A7733D7009602A2 /* Supporting Files */,
			);
			path = DonnerTests;
			sourceTree = "<group>";
		};
		90B09C981A7733D7009602A2 /* Supporting Files */ = {
			isa = PBXGroup;
			children = (
				90B09C991A7733D7009602A2 /* Info.plist */,
			);
			name = "Supporting Files";
			sourceTree = "<group>";
		};
/* End PBXGroup section */

/* Begin PBXNativeTarget section */
		90B09C7A1A7733D7009602A2 /* Donner */ = {
			isa = PBXNativeTarget;
			buildConfigurationList = 90B09C9E1A7733D7009602A2 /* Build configuration list for PBXNativeTarget "Donner" */;
			buildPhases = (
				90B09C771A7733D7009602A2 /* Sources */,
				90B09C781A7733D7009602A2 /* Frameworks */,
				90B09C791A7733D7009602A2 /* Resources */,
				90B9D8381A87EF4C00C24BCB /* ShellScript */,
			);
			buildRules = (
			);
			dependencies = (
			);
			name = Donner;
			productName = Donner;
			productReference = 90B09C7B1A7733D7009602A2 /* Donner.app */;
			productType = "com.apple.product-type.application";
		};
		90B09C931A7733D7009602A2 /* DonnerTests */ = {
			isa = PBXNativeTarget;
			buildConfigurationList = 90B09CA11A7733D7009602A2 /* Build configuration list for PBXNativeTarget "DonnerTests" */;
			buildPhases = (
				90B09C901A7733D7009602A2 /* Sources */,
				90B09C911A7733D7009602A2 /* Frameworks */,
				90B09C921A7733D7009602A2 /* Resources */,
			);
			buildRules = (
			);
			dependencies = (
				90B09C961A7733D7009602A2 /* PBXTargetDependency */,
			);
			name = DonnerTests;
			productName = DonnerTests;
			productReference = 90B09C941A7733D7009602A2 /* DonnerTests.xctest */;
			productType = "com.apple.product-type.bundle.unit-test";
		};
/* End PBXNativeTarget section */

/* Begin PBXProject section */
		90B09C731A7733D7009602A2 /* Project object */ = {
			isa = PBXProject;
			attributes = {
				LastUpgradeCheck = 0610;
				ORGANIZATIONNAME = leeemichael;
				TargetAttributes = {
					90B09C7A1A7733D7009602A2 = {
						CreatedOnToolsVersion = 6.1.1;
					};
					90B09C931A7733D7009602A2 = {
						CreatedOnToolsVersion = 6.1.1;
						TestTargetID = 90B09C7A1A7733D7009602A2;
					};
				};
			};
			buildConfigurationList = 90B09C761A7733D7009602A2 /* Build configuration list for PBXProject "Donner" */;
			compatibilityVersion = "Xcode 3.2";
			developmentRegion = English;
			hasScannedForEncodings = 0;
			knownRegions = (
				en,
				Base,
			);
			mainGroup = 90B09C721A7733D7009602A2;
			productRefGroup = 90B09C7C1A7733D7009602A2 /* Products */;
			projectDirPath = "";
			projectRoot = "";
			targets = (
				90B09C7A1A7733D7009602A2 /* Donner */,
				90B09C931A7733D7009602A2 /* DonnerTests */,
			);
		};
/* End PBXProject section */

/* Begin PBXResourcesBuildPhase section */
		90B09C791A7733D7009602A2 /* Resources */ = {
			isa = PBXResourcesBuildPhase;
			buildActionMask = 2147483647;
			files = (
				90B9D83D1A87F01200C24BCB /* TwitterKitResources.bundle in Resources */,
				90B09C8A1A7733D7009602A2 /* Main.storyboard in Resources */,
				90B09C8F1A7733D7009602A2 /* LaunchScreen.xib in Resources */,
				90B09C8C1A7733D7009602A2 /* Images.xcassets in Resources */,
				902D0CDA1A9715000049DB9C /* Keys.plist in Resources */,
			);
			runOnlyForDeploymentPostprocessing = 0;
		};
		90B09C921A7733D7009602A2 /* Resources */ = {
			isa = PBXResourcesBuildPhase;
			buildActionMask = 2147483647;
			files = (
			);
			runOnlyForDeploymentPostprocessing = 0;
		};
/* End PBXResourcesBuildPhase section */

/* Begin PBXShellScriptBuildPhase section */
		90B9D8381A87EF4C00C24BCB /* ShellScript */ = {
			isa = PBXShellScriptBuildPhase;
			buildActionMask = 2147483647;
			files = (
			);
			inputPaths = (
			);
			outputPaths = (
			);
			runOnlyForDeploymentPostprocessing = 0;
			shellPath = /bin/sh;
			shellScript = "./Fabric.framework/run 7e6d16a3bd9e8367b3ced5a473fdd6ad8135dc4d 1c16b67954807a2246d1f5d5dac91a948d2a9cdd3ed4fbe6eb171aaee626f9ef";
		};
/* End PBXShellScriptBuildPhase section */

/* Begin PBXSourcesBuildPhase section */
		90B09C771A7733D7009602A2 /* Sources */ = {
			isa = PBXSourcesBuildPhase;
			buildActionMask = 2147483647;
			files = (
				90B09C871A7733D7009602A2 /* ViewController.m in Sources */,
				90B09C811A7733D7009602A2 /* main.m in Sources */,
				90175B171AF3184600AC513D /* UIButton+buttonPressed.m in Sources */,
				902D0CD81A89B27D0049DB9C /* AppDelegate.m in Sources */,
			);
			runOnlyForDeploymentPostprocessing = 0;
		};
		90B09C901A7733D7009602A2 /* Sources */ = {
			isa = PBXSourcesBuildPhase;
			buildActionMask = 2147483647;
			files = (
				90B09C9B1A7733D7009602A2 /* DonnerTests.m in Sources */,
			);
			runOnlyForDeploymentPostprocessing = 0;
		};
/* End PBXSourcesBuildPhase section */

/* Begin PBXTargetDependency section */
		90B09C961A7733D7009602A2 /* PBXTargetDependency */ = {
			isa = PBXTargetDependency;
			target = 90B09C7A1A7733D7009602A2 /* Donner */;
			targetProxy = 90B09C951A7733D7009602A2 /* PBXContainerItemProxy */;
		};
/* End PBXTargetDependency section */

/* Begin PBXVariantGroup section */
		90B09C881A7733D7009602A2 /* Main.storyboard */ = {
			isa = PBXVariantGroup;
			children = (
				90B09C891A7733D7009602A2 /* Base */,
			);
			name = Main.storyboard;
			sourceTree = "<group>";
		};
		90B09C8D1A7733D7009602A2 /* LaunchScreen.xib */ = {
			isa = PBXVariantGroup;
			children = (
				90B09C8E1A7733D7009602A2 /* Base */,
			);
			name = LaunchScreen.xib;
			sourceTree = "<group>";
		};
/* End PBXVariantGroup section */

/* Begin XCBuildConfiguration section */
		90B09C9C1A7733D7009602A2 /* Debug */ = {
			isa = XCBuildConfiguration;
			buildSettings = {
				ALWAYS_SEARCH_USER_PATHS = NO;
				CLANG_CXX_LANGUAGE_STANDARD = "gnu++0x";
				CLANG_CXX_LIBRARY = "libc++";
				CLANG_ENABLE_MODULES = YES;
				CLANG_ENABLE_OBJC_ARC = YES;
				CLANG_WARN_BOOL_CONVERSION = YES;
				CLANG_WARN_CONSTANT_CONVERSION = YES;
				CLANG_WARN_DIRECT_OBJC_ISA_USAGE = YES_ERROR;
				CLANG_WARN_EMPTY_BODY = YES;
				CLANG_WARN_ENUM_CONVERSION = YES;
				CLANG_WARN_INT_CONVERSION = YES;
				CLANG_WARN_OBJC_ROOT_CLASS = YES_ERROR;
				CLANG_WARN_UNREACHABLE_CODE = YES;
				CLANG_WARN__DUPLICATE_METHOD_MATCH = YES;
				"CODE_SIGN_IDENTITY[sdk=iphoneos*]" = "iPhone Developer";
				COPY_PHASE_STRIP = NO;
				ENABLE_STRICT_OBJC_MSGSEND = YES;
				GCC_C_LANGUAGE_STANDARD = gnu99;
				GCC_DYNAMIC_NO_PIC = NO;
				GCC_OPTIMIZATION_LEVEL = 0;
				GCC_PREPROCESSOR_DEFINITIONS = (
					"DEBUG=1",
					"$(inherited)",
				);
				GCC_SYMBOLS_PRIVATE_EXTERN = NO;
				GCC_WARN_64_TO_32_BIT_CONVERSION = YES;
				GCC_WARN_ABOUT_RETURN_TYPE = YES_ERROR;
				GCC_WARN_UNDECLARED_SELECTOR = YES;
				GCC_WARN_UNINITIALIZED_AUTOS = YES_AGGRESSIVE;
				GCC_WARN_UNUSED_FUNCTION = YES;
				GCC_WARN_UNUSED_VARIABLE = YES;
				IPHONEOS_DEPLOYMENT_TARGET = 8.1;
				MTL_ENABLE_DEBUG_INFO = YES;
				ONLY_ACTIVE_ARCH = YES;
				SDKROOT = iphoneos;
			};
			name = Debug;
		};
		90B09C9D1A7733D7009602A2 /* Release */ = {
			isa = XCBuildConfiguration;
			buildSettings = {
				ALWAYS_SEARCH_USER_PATHS = NO;
				CLANG_CXX_LANGUAGE_STANDARD = "gnu++0x";
				CLANG_CXX_LIBRARY = "libc++";
				CLANG_ENABLE_MODULES = YES;
				CLANG_ENABLE_OBJC_ARC = YES;
				CLANG_WARN_BOOL_CONVERSION = YES;
				CLANG_WARN_CONSTANT_CONVERSION = YES;
				CLANG_WARN_DIRECT_OBJC_ISA_USAGE = YES_ERROR;
				CLANG_WARN_EMPTY_BODY = YES;
				CLANG_WARN_ENUM_CONVERSION = YES;
				CLANG_WARN_INT_CONVERSION = YES;
				CLANG_WARN_OBJC_ROOT_CLASS = YES_ERROR;
				CLANG_WARN_UNREACHABLE_CODE = YES;
				CLANG_WARN__DUPLICATE_METHOD_MATCH = YES;
				"CODE_SIGN_IDENTITY[sdk=iphoneos*]" = "iPhone Developer";
				COPY_PHASE_STRIP = YES;
				ENABLE_NS_ASSERTIONS = NO;
				ENABLE_STRICT_OBJC_MSGSEND = YES;
				GCC_C_LANGUAGE_STANDARD = gnu99;
				GCC_WARN_64_TO_32_BIT_CONVERSION = YES;
				GCC_WARN_ABOUT_RETURN_TYPE = YES_ERROR;
				GCC_WARN_UNDECLARED_SELECTOR = YES;
				GCC_WARN_UNINITIALIZED_AUTOS = YES_AGGRESSIVE;
				GCC_WARN_UNUSED_FUNCTION = YES;
				GCC_WARN_UNUSED_VARIABLE = YES;
				IPHONEOS_DEPLOYMENT_TARGET = 8.1;
				MTL_ENABLE_DEBUG_INFO = NO;
				SDKROOT = iphoneos;
				VALIDATE_PRODUCT = YES;
			};
			name = Release;
		};
		90B09C9F1A7733D7009602A2 /* Debug */ = {
			isa = XCBuildConfiguration;
			buildSettings = {
				ASSETCATALOG_COMPILER_APPICON_NAME = AppIcon;
				FRAMEWORK_SEARCH_PATHS = (
					"$(inherited)",
					"$(PROJECT_DIR)",
					/Users/MichaelLee/Documents/FacebookSDK,
					"/Users/MichaelLee/Downloads/parse-library-1.6.3",
				);
				INFOPLIST_FILE = Donner/Info.plist;
				LD_RUNPATH_SEARCH_PATHS = "$(inherited) @executable_path/Frameworks";
				PRODUCT_NAME = "$(TARGET_NAME)";
			};
			name = Debug;
		};
		90B09CA01A7733D7009602A2 /* Release */ = {
			isa = XCBuildConfiguration;
			buildSettings = {
				ASSETCATALOG_COMPILER_APPICON_NAME = AppIcon;
				FRAMEWORK_SEARCH_PATHS = (
					"$(inherited)",
					"$(PROJECT_DIR)",
					/Users/MichaelLee/Documents/FacebookSDK,
					"/Users/MichaelLee/Downloads/parse-library-1.6.3",
				);
				INFOPLIST_FILE = Donner/Info.plist;
				LD_RUNPATH_SEARCH_PATHS = "$(inherited) @executable_path/Frameworks";
				PRODUCT_NAME = "$(TARGET_NAME)";
			};
			name = Release;
		};
		90B09CA21A7733D7009602A2 /* Debug */ = {
			isa = XCBuildConfiguration;
			buildSettings = {
				BUNDLE_LOADER = "$(TEST_HOST)";
				FRAMEWORK_SEARCH_PATHS = (
					"$(SDKROOT)/Developer/Library/Frameworks",
					"$(inherited)",
				);
				GCC_PREPROCESSOR_DEFINITIONS = (
					"DEBUG=1",
					"$(inherited)",
				);
				INFOPLIST_FILE = DonnerTests/Info.plist;
				LD_RUNPATH_SEARCH_PATHS = "$(inherited) @executable_path/Frameworks @loader_path/Frameworks";
				PRODUCT_NAME = "$(TARGET_NAME)";
				TEST_HOST = "$(BUILT_PRODUCTS_DIR)/Donner.app/Donner";
			};
			name = Debug;
		};
		90B09CA31A7733D7009602A2 /* Release */ = {
			isa = XCBuildConfiguration;
			buildSettings = {
				BUNDLE_LOADER = "$(TEST_HOST)";
				FRAMEWORK_SEARCH_PATHS = (
					"$(SDKROOT)/Developer/Library/Frameworks",
					"$(inherited)",
				);
				INFOPLIST_FILE = DonnerTests/Info.plist;
				LD_RUNPATH_SEARCH_PATHS = "$(inherited) @executable_path/Frameworks @loader_path/Frameworks";
				PRODUCT_NAME = "$(TARGET_NAME)";
				TEST_HOST = "$(BUILT_PRODUCTS_DIR)/Donner.app/Donner";
			};
			name = Release;
		};
/* End XCBuildConfiguration section */

/* Begin XCConfigurationList section */
		90B09C761A7733D7009602A2 /* Build configuration list for PBXProject "Donner" */ = {
			isa = XCConfigurationList;
			buildConfigurations = (
				90B09C9C1A7733D7009602A2 /* Debug */,
				90B09C9D1A7733D7009602A2 /* Release */,
			);
			defaultConfigurationIsVisible = 0;
			defaultConfigurationName = Release;
		};
		90B09C9E1A7733D7009602A2 /* Build configuration list for PBXNativeTarget "Donner" */ = {
			isa = XCConfigurationList;
			buildConfigurations = (
				90B09C9F1A7733D7009602A2 /* Debug */,
				90B09CA01A7733D7009602A2 /* Release */,
			);
			defaultConfigurationIsVisible = 0;
			defaultConfigurationName = Release;
		};
		90B09CA11A7733D7009602A2 /* Build configuration list for PBXNativeTarget "DonnerTests" */ = {
			isa = XCConfigurationList;
			buildConfigurations = (
				90B09CA21A7733D7009602A2 /* Debug */,
				90B09CA31A7733D7009602A2 /* Release */,
			);
			defaultConfigurationIsVisible = 0;
			defaultConfigurationName = Release;
		};
/* End XCConfigurationList section */
	};
	rootObject = 90B09C731A7733D7009602A2 /* Project object */;
}
